
Microsoft Visual Studio Solution File, Format Version 12.00
# Visual Studio Version 17
VisualStudioVersion = 17.0.31919.166
MinimumVisualStudioVersion = 10.0.40219.1
Project("{FAE04EC0-301F-11D3-BF4B-00C04F79EFBC}") = "BulkDataUpdater", "BulkDataUpdater\BulkDataUpdater.csproj", "{B80A491A-2072-47E6-9018-8C3EF90E3053}"
EndProject
Project("{2150E333-8FDC-42A3-9474-1A3956D46DE8}") = "Solution Items", "Solution Items", "{DF937BA5-C3D0-46DF-B448-7CF8DDA1B2CA}"
	ProjectSection(SolutionItems) = preProject
		BulkDataUpdater.nuspec = BulkDataUpdater.nuspec
	EndProjectSection
EndProject
Project("{FAE04EC0-301F-11D3-BF4B-00C04F79EFBC}") = "BulkDataUpdaterTests", "BulkDataUpdaterTests\BulkDataUpdaterTests.csproj", "{3387CDCD-F34D-4BFA-92CA-703EC041A943}"
EndProject
Project("{D954291E-2A0B-460D-934E-DC6B0785DB48}") = "Rappen.XRM.Helpers", "Rappen.XTB.Helper\Rappen.XRM.Helpers\Rappen.XRM.Helpers.shproj", "{2EBF1257-150F-46C8-8BBD-2A9235C0EB45}"
EndProject
Project("{D954291E-2A0B-460D-934E-DC6B0785DB48}") = "Rappen.XTB.Helpers", "Rappen.XTB.Helper\Rappen.XTB.Helpers\Rappen.XTB.Helpers.shproj", "{0B88B381-EE9D-41E8-A62C-90152C42DE90}"
EndProject
Project("{D954291E-2A0B-460D-934E-DC6B0785DB48}") = "Rappen.XRM.Tokens", "Rappen.XTB.Helper\Rappen.XRM.Tokens\Rappen.XRM.Tokens.shproj", "{B721386D-0FDF-415F-975E-A4F8D60CD962}"
EndProject
Global
	GlobalSection(SolutionConfigurationPlatforms) = preSolution
		Debug|Any CPU = Debug|Any CPU
		Release|Any CPU = Release|Any CPU
	EndGlobalSection
	GlobalSection(ProjectConfigurationPlatforms) = postSolution
		{B80A491A-2072-47E6-9018-8C3EF90E3053}.Debug|Any CPU.ActiveCfg = Debug|Any CPU
		{B80A491A-2072-47E6-9018-8C3EF90E3053}.Debug|Any CPU.Build.0 = Debug|Any CPU
		{B80A491A-2072-47E6-9018-8C3EF90E3053}.Release|Any CPU.ActiveCfg = Release|Any CPU
		{B80A491A-2072-47E6-9018-8C3EF90E3053}.Release|Any CPU.Build.0 = Release|Any CPU
		{3387CDCD-F34D-4BFA-92CA-703EC041A943}.Debug|Any CPU.ActiveCfg = Debug|Any CPU
		{3387CDCD-F34D-4BFA-92CA-703EC041A943}.Debug|Any CPU.Build.0 = Debug|Any CPU
		{3387CDCD-F34D-4BFA-92CA-703EC041A943}.Release|Any CPU.ActiveCfg = Release|Any CPU
		{3387CDCD-F34D-4BFA-92CA-703EC041A943}.Release|Any CPU.Build.0 = Release|Any CPU
	EndGlobalSection
	GlobalSection(SolutionProperties) = preSolution
		HideSolutionNode = FALSE
	EndGlobalSection
	GlobalSection(ExtensibilityGlobals) = postSolution
		SolutionGuid = {CFAF9C3D-038F-4137-99D4-FAA08B145601}
	EndGlobalSection
	GlobalSection(SharedMSBuildProjectFiles) = preSolution
		Rappen.XTB.Helper\Rappen.XTB.Helpers\Rappen.XTB.Helpers.projitems*{0b88b381-ee9d-41e8-a62c-90152c42de90}*SharedItemsImports = 13
		Rappen.XTB.Helper\Rappen.XRM.Helpers\Rappen.XRM.Helpers.projitems*{2ebf1257-150f-46c8-8bbd-2a9235c0eb45}*SharedItemsImports = 13
		Rappen.XTB.Helper\Rappen.XRM.Tokens\Rappen.XRM.Tokens.projitems*{b721386d-0fdf-415f-975e-a4f8d60cd962}*SharedItemsImports = 13
		Rappen.XTB.Helper\Rappen.XRM.Helpers\Rappen.XRM.Helpers.projitems*{b80a491a-2072-47e6-9018-8c3ef90e3053}*SharedItemsImports = 4
		Rappen.XTB.Helper\Rappen.XRM.Tokens\Rappen.XRM.Tokens.projitems*{b80a491a-2072-47e6-9018-8c3ef90e3053}*SharedItemsImports = 4
		Rappen.XTB.Helper\Rappen.XTB.Helpers\Rappen.XTB.Helpers.projitems*{b80a491a-2072-47e6-9018-8c3ef90e3053}*SharedItemsImports = 4
	EndGlobalSection
EndGlobal
